<?xml version="1.0" encoding="utf-8"?>
<Project ToolsVersion="4.0" xmlns="http://schemas.microsoft.com/developer/msbuild/2003">
  <ItemGroup>
    <Filter Include="Source Files">
      <UniqueIdentifier>{4FC737F1-C7A5-4376-A066-2A32D752A2FF}</UniqueIdentifier>
      <Extensions>cpp;c;cxx;def;odl;idl;hpj;bat;asm;asmx</Extensions>
    </Filter>
    <Filter Include="Header Files">
      <UniqueIdentifier>{93995380-89BD-4b04-88EB-625FBE52EBFB}</UniqueIdentifier>
      <Extensions>h;hpp;hxx;hm;inl;inc;xsd</Extensions>
    </Filter>
    <Filter Include="Generated files">
      <UniqueIdentifier>{7a6a1f6d-6a64-4a41-8f23-e559e190ec98}</UniqueIdentifier>
    </Filter>
  </ItemGroup>
  <ItemGroup>
    <ClCompile Include="..\common\src\flat_icblock.cpp">
      <Filter>Source Files</Filter>
    </ClCompile>
    <ClCompile Include="..\common\src\ic_instr.cpp">
      <Filter>Source Files</Filter>
    </ClCompile>
    <ClCompile Include="src\icexcept.cpp">
      <Filter>Source Files</Filter>
    </ClCompile>
    <ClCompile Include="src\icm.cpp">
      <Filter>Source Files</Filter>
    </ClCompile>
    <ClCompile Include="src\icm_machine.cpp">
      <Filter>Source Files</Filter>
    </ClCompile>
    <ClCompile Include="gen_icfactory.cpp">
      <Filter>Generated files</Filter>
    </ClCompile>
    <ClCompile Include="gen_icinstrtab.cpp">
      <Filter>Generated files</Filter>
    </ClCompile>
    <ClCompile Include="gen_instr_decode.cpp">
      <Filter>Generated files</Filter>
    </ClCompile>
    <ClCompile Include="gen_machines.cpp">
      <Filter>Generated files</Filter>
    </ClCompile>
    <ClCompile Include="gen_mops.cpp">
      <Filter>Generated files</Filter>
    </ClCompile>
  </ItemGroup>
  <ItemGroup>
    <ClInclude Include="..\common\h\carray.hpp">
      <Filter>Header Files</Filter>
    </ClInclude>
    <ClInclude Include="..\common\h\common_types.hpp">
      <Filter>Header Files</Filter>
    </ClInclude>
    <ClInclude Include="..\common\h\el_shr_ptr.hpp">
      <Filter>Header Files</Filter>
    </ClInclude>
    <ClInclude Include="..\common\h\file_seq.hpp">
      <Filter>Header Files</Filter>
    </ClInclude>
    <ClInclude Include="..\common\h\flat_icblock.hpp">
      <Filter>Header Files</Filter>
    </ClInclude>
    <ClInclude Include="..\common\h\ic_factory.hpp">
      <Filter>Header Files</Filter>
    </ClInclude>
    <ClInclude Include="..\common\h\ic_instr.hpp">
      <Filter>Header Files</Filter>
    </ClInclude>
    <ClInclude Include="..\common\h\ic_instrtab.hpp">
      <Filter>Header Files</Filter>
    </ClInclude>
    <ClInclude Include="..\common\h\ic_opcodes.hpp">
      <Filter>Header Files</Filter>
    </ClInclude>
    <ClInclude Include="h\icexcept.hpp">
      <Filter>Header Files</Filter>
    </ClInclude>
    <ClInclude Include="h\icm_flat_icblock.hpp">
      <Filter>Header Files</Filter>
    </ClInclude>
    <ClInclude Include="h\icm_machine.hpp">
      <Filter>Header Files</Filter>
    </ClInclude>
    <ClInclude Include="h\icm_types.hpp">
      <Filter>Header Files</Filter>
    </ClInclude>
    <ClInclude Include="h\icm_val.hpp">
      <Filter>Header Files</Filter>
    </ClInclude>
    <ClInclude Include="..\common\h\labeled_icblock.hpp">
      <Filter>Header Files</Filter>
    </ClInclude>
    <ClInclude Include="..\common\h\literal_storage.hpp">
      <Filter>Header Files</Filter>
    </ClInclude>
    <ClInclude Include="h\mops.hpp">
      <Filter>Header Files</Filter>
    </ClInclude>
    <ClInclude Include="..\common\h\plain_icblock.hpp">
      <Filter>Header Files</Filter>
    </ClInclude>
    <ClInclude Include="gen_icinstr.hpp">
      <Filter>Generated files</Filter>
    </ClInclude>
    <ClInclude Include="gen_icopcodes.hpp">
      <Filter>Generated files</Filter>
    </ClInclude>
    <ClInclude Include="gen_mopcodes.hpp">
      <Filter>Generated files</Filter>
    </ClInclude>
  </ItemGroup>
  <ItemGroup>
    <None Include="changelog.txt" />
  </ItemGroup>
</Project>