Microsoft Visual Studio Solution File, Format Version 11.00
# Visual Studio 2010
Project("{8BC9CEB8-8B4A-11D0-8D11-00A0C91BC942}") = "icm", "icm.vc10.vcxproj", "{FA4601C4-47C2-4BFC-B00A-E5258966752D}"
EndProject
Project("{8BC9CEB8-8B4A-11D0-8D11-00A0C91BC942}") = "icmxslt", "icmxslt.vc10.vcxproj", "{F9BC1A1F-BA2C-475B-9D24-21DD1D2088EF}"
EndProject
Global
	GlobalSection(SolutionConfigurationPlatforms) = preSolution
		Debug|Win32 = Debug|Win32
		Debug|x64 = Debug|x64
		Release|Win32 = Release|Win32
		Release|x64 = Release|x64
	EndGlobalSection
	GlobalSection(ProjectConfigurationPlatforms) = postSolution
		{FA4601C4-47C2-4BFC-B00A-E5258966752D}.Debug|Win32.ActiveCfg = Debug|Win32
		{FA4601C4-47C2-4BFC-B00A-E5258966752D}.Debug|Win32.Build.0 = Debug|Win32
		{FA4601C4-47C2-4BFC-B00A-E5258966752D}.Debug|x64.ActiveCfg = Debug|x64
		{FA4601C4-47C2-4BFC-B00A-E5258966752D}.Debug|x64.Build.0 = Debug|x64
		{FA4601C4-47C2-4BFC-B00A-E5258966752D}.Release|Win32.ActiveCfg = Release|Win32
		{FA4601C4-47C2-4BFC-B00A-E5258966752D}.Release|Win32.Build.0 = Release|Win32
		{FA4601C4-47C2-4BFC-B00A-E5258966752D}.Release|x64.ActiveCfg = Release|x64
		{FA4601C4-47C2-4BFC-B00A-E5258966752D}.Release|x64.Build.0 = Release|x64
		{F9BC1A1F-BA2C-475B-9D24-21DD1D2088EF}.Debug|Win32.ActiveCfg = Debug|Win32
		{F9BC1A1F-BA2C-475B-9D24-21DD1D2088EF}.Debug|Win32.Build.0 = Debug|Win32
		{F9BC1A1F-BA2C-475B-9D24-21DD1D2088EF}.Debug|x64.ActiveCfg = Debug|x64
		{F9BC1A1F-BA2C-475B-9D24-21DD1D2088EF}.Debug|x64.Build.0 = Debug|x64
		{F9BC1A1F-BA2C-475B-9D24-21DD1D2088EF}.Release|Win32.ActiveCfg = Release|Win32
		{F9BC1A1F-BA2C-475B-9D24-21DD1D2088EF}.Release|Win32.Build.0 = Release|Win32
		{F9BC1A1F-BA2C-475B-9D24-21DD1D2088EF}.Release|x64.ActiveCfg = Release|x64
		{F9BC1A1F-BA2C-475B-9D24-21DD1D2088EF}.Release|x64.Build.0 = Release|x64
	EndGlobalSection
	GlobalSection(SolutionProperties) = preSolution
		HideSolutionNode = FALSE
	EndGlobalSection
EndGlobal
