<?xml version="1.0" encoding="utf-8"?>
<Project ToolsVersion="4.0" xmlns="http://schemas.microsoft.com/developer/msbuild/2003">
  <ItemGroup>
    <Filter Include="Source Files - read only">
      <UniqueIdentifier>{4FC737F1-C7A5-4376-A066-2A32D752A2FF}</UniqueIdentifier>
      <Extensions>cpp;c;cc;cxx;def;odl;idl;hpj;bat;asm;asmx</Extensions>
    </Filter>
    <Filter Include="Header Files - read only">
      <UniqueIdentifier>{93995380-89BD-4b04-88EB-625FBE52EBFB}</UniqueIdentifier>
      <Extensions>h;hpp;hxx;hm;inl;inc;xsd</Extensions>
    </Filter>
    <Filter Include="Generated Files - do not modify">
      <UniqueIdentifier>{8e9c1ae9-f865-4d18-aab7-a37e2cd0e465}</UniqueIdentifier>
    </Filter>
    <Filter Include="Source Files - students">
      <UniqueIdentifier>{28492e72-bd99-461b-9b4c-0fda931a0229}</UniqueIdentifier>
    </Filter>
    <Filter Include="Header Files - students">
      <UniqueIdentifier>{20fc984f-0575-4492-a764-1618a3dd4698}</UniqueIdentifier>
    </Filter>
  </ItemGroup>
  <ItemGroup>
    <ClCompile Include="..\..\..\public-ro\common\src\abstract_ic.cpp">
      <Filter>Source Files - read only</Filter>
    </ClCompile>
    <ClCompile Include="..\..\..\public-ro\mlc\du6\src\du6.cpp">
      <Filter>Source Files - read only</Filter>
    </ClCompile>
    <ClCompile Include="..\..\..\public-ro\mlc\du6\src\du6baseerrtab.cpp">
      <Filter>Source Files - read only</Filter>
    </ClCompile>
    <ClCompile Include="..\..\..\public-ro\mlc\src\duerr.cpp">
      <Filter>Source Files - read only</Filter>
    </ClCompile>
    <ClCompile Include="..\..\..\public-ro\mlc\src\dusememptyerrtab.cpp">
      <Filter>Source Files - read only</Filter>
    </ClCompile>
    <ClCompile Include="..\..\..\public-ro\mlc\src\dutables.cpp">
      <Filter>Source Files - read only</Filter>
    </ClCompile>
    <ClCompile Include="..\..\..\public-ro\common\src\flat_icblock.cpp">
      <Filter>Source Files - read only</Filter>
    </ClCompile>
    <ClCompile Include="..\..\..\public-ro\common\src\ic_instr.cpp">
      <Filter>Source Files - read only</Filter>
    </ClCompile>
    <ClCompile Include="..\..\..\public-ro\common\src\labeled_icblock.cpp">
      <Filter>Source Files - read only</Filter>
    </ClCompile>
    <ClCompile Include="..\..\..\public-ro\common\src\uid_gen.cpp">
      <Filter>Source Files - read only</Filter>
    </ClCompile>
    <ClCompile Include="du6g.cpp">
      <Filter>Generated Files - do not modify</Filter>
    </ClCompile>
    <ClCompile Include="du6l.cpp">
      <Filter>Generated Files - do not modify</Filter>
    </ClCompile>
    <ClCompile Include="gen_aifactory.cpp">
      <Filter>Generated Files - do not modify</Filter>
    </ClCompile>
    <ClCompile Include="gen_icfactory.cpp">
      <Filter>Generated Files - do not modify</Filter>
    </ClCompile>
    <ClCompile Include="gen_icinstrtab.cpp">
      <Filter>Generated Files - do not modify</Filter>
    </ClCompile>
    <ClCompile Include="du6sem.cpp">
      <Filter>Source Files - students</Filter>
    </ClCompile>
  </ItemGroup>
  <ItemGroup>
    <ClInclude Include="..\..\..\public-ro\common\h\abstract_ic.hpp">
      <Filter>Header Files - read only</Filter>
    </ClInclude>
    <ClInclude Include="..\..\..\public-ro\common\h\abstract_instr.hpp">
      <Filter>Header Files - read only</Filter>
    </ClInclude>
    <ClInclude Include="..\..\..\public-ro\common\h\carray.hpp">
      <Filter>Header Files - read only</Filter>
    </ClInclude>
    <ClInclude Include="..\..\..\public-ro\common\h\common_types.hpp">
      <Filter>Header Files - read only</Filter>
    </ClInclude>
    <ClInclude Include="..\..\..\public-ro\mlc\du6\h\du6.h">
      <Filter>Header Files - read only</Filter>
    </ClInclude>
    <ClInclude Include="..\..\..\public-ro\mlc\du6\h\du6tok.h">
      <Filter>Header Files - read only</Filter>
    </ClInclude>
    <ClInclude Include="..\..\..\public-ro\mlc\du6\h\dubaseerr.h">
      <Filter>Header Files - read only</Filter>
    </ClInclude>
    <ClInclude Include="..\..\..\public-ro\mlc\h\duerr.h">
      <Filter>Header Files - read only</Filter>
    </ClInclude>
    <ClInclude Include="..\..\..\public-ro\mlc\h\dusemerr.h">
      <Filter>Header Files - read only</Filter>
    </ClInclude>
    <ClInclude Include="..\..\..\public-ro\mlc\h\dutables.h">
      <Filter>Header Files - read only</Filter>
    </ClInclude>
    <ClInclude Include="..\..\..\public-ro\common\h\el_shr_ptr.hpp">
      <Filter>Header Files - read only</Filter>
    </ClInclude>
    <ClInclude Include="..\..\..\public-ro\common\h\file_seq.hpp">
      <Filter>Header Files - read only</Filter>
    </ClInclude>
    <ClInclude Include="..\..\..\public-ro\common\h\flat_icblock.hpp">
      <Filter>Header Files - read only</Filter>
    </ClInclude>
    <ClInclude Include="..\..\..\public-ro\common\h\ic_factory.hpp">
      <Filter>Header Files - read only</Filter>
    </ClInclude>
    <ClInclude Include="..\..\..\public-ro\common\h\ic_instr.hpp">
      <Filter>Header Files - read only</Filter>
    </ClInclude>
    <ClInclude Include="..\..\..\public-ro\common\h\ic_instrtab.hpp">
      <Filter>Header Files - read only</Filter>
    </ClInclude>
    <ClInclude Include="..\..\..\public-ro\common\h\ic_opcodes.hpp">
      <Filter>Header Files - read only</Filter>
    </ClInclude>
    <ClInclude Include="..\..\..\public-ro\common\h\labeled_icblock.hpp">
      <Filter>Header Files - read only</Filter>
    </ClInclude>
    <ClInclude Include="..\..\..\public-ro\common\h\literal_storage.hpp">
      <Filter>Header Files - read only</Filter>
    </ClInclude>
    <ClInclude Include="..\..\..\public-ro\common\h\plain_icblock.hpp">
      <Filter>Header Files - read only</Filter>
    </ClInclude>
    <ClInclude Include="..\..\..\public-ro\common\h\uid_gen.hpp">
      <Filter>Header Files - read only</Filter>
    </ClInclude>
    <ClInclude Include="..\..\..\public-ro\mlc\h\unistd.h">
      <Filter>Header Files - read only</Filter>
    </ClInclude>
    <ClInclude Include="du6g.hpp">
      <Filter>Generated Files - do not modify</Filter>
    </ClInclude>
    <ClInclude Include="gen_ainstr.hpp">
      <Filter>Generated Files - do not modify</Filter>
    </ClInclude>
    <ClInclude Include="gen_icinstr.hpp">
      <Filter>Generated Files - do not modify</Filter>
    </ClInclude>
    <ClInclude Include="gen_icopcodes.hpp">
      <Filter>Generated Files - do not modify</Filter>
    </ClInclude>
    <ClInclude Include="du6lval.hpp">
      <Filter>Header Files - students</Filter>
    </ClInclude>
    <ClInclude Include="du6sem.h">
      <Filter>Header Files - students</Filter>
    </ClInclude>
  </ItemGroup>
  <ItemGroup>
    <None Include="test.mls" />
  </ItemGroup>
</Project>