<?xml version="1.0" encoding="utf-8"?>
<Project ToolsVersion="4.0" xmlns="http://schemas.microsoft.com/developer/msbuild/2003">
  <ItemGroup>
    <Filter Include="XSLT transformations">
      <UniqueIdentifier>{ac360402-f508-431a-8f57-59fb8ec4d5fa}</UniqueIdentifier>
    </Filter>
  </ItemGroup>
  <ItemGroup>
    <CustomBuild Include="..\..\..\public-ro\common\xml\genaifctrc.xslt">
      <Filter>XSLT transformations</Filter>
    </CustomBuild>
    <CustomBuild Include="..\..\..\public-ro\common\xml\genainstrh.xslt">
      <Filter>XSLT transformations</Filter>
    </CustomBuild>
    <CustomBuild Include="..\..\..\public-ro\common\xml\genicfctrc.xslt">
      <Filter>XSLT transformations</Filter>
    </CustomBuild>
    <CustomBuild Include="..\..\..\public-ro\common\xml\genicinstrh.xslt">
      <Filter>XSLT transformations</Filter>
    </CustomBuild>
    <CustomBuild Include="..\..\..\public-ro\common\xml\genicoph.xslt">
      <Filter>XSLT transformations</Filter>
    </CustomBuild>
    <CustomBuild Include="..\..\..\public-ro\common\xml\genictabc.xslt">
      <Filter>XSLT transformations</Filter>
    </CustomBuild>
  </ItemGroup>
</Project>